Microsoft Visual Studio Solution File, Format Version 12.00
# Visual Studio 2012
Project("{2150E333-8FDC-42A3-9474-1A3956D46DE8}") = "Presentation", "Presentation", "{0297FAFB-8C2D-4931-84E4-104647D531E0}"
EndProject
Project("{2150E333-8FDC-42A3-9474-1A3956D46DE8}") = "Solution Items", "Solution Items", "{DFEF3EC4-80D2-4896-B754-141CD784BA09}"
	ProjectSection(SolutionItems) = preProject
		Directory.Build.props = Directory.Build.props
		Directory.Packages.props = Directory.Packages.props
		global.json = global.json
		.gitignore = .gitignore
	EndProjectSection
EndProject
Project("{2150E333-8FDC-42A3-9474-1A3956D46DE8}") = "src", "src", "{BB7657F2-3AE5-47F9-815B-55BDDCA540D7}"
EndProject
Project("{2150E333-8FDC-42A3-9474-1A3956D46DE8}") = "Shared", "Shared", "{19F983BE-668D-47B3-A9CA-EBD7C9F5F33F}"
EndProject
Project("{FAE04EC0-301F-11D3-BF4B-00C04F79EFBC}") = "Game.Shared", "src\Shared\Game.Shared\Game.Shared.csproj", "{C55F1FDF-60DE-48A3-9A89-C1394A0EEE6B}"
EndProject
Project("{2150E333-8FDC-42A3-9474-1A3956D46DE8}") = "Server", "Server", "{01FE41BC-FE02-410A-9F05-7FA8F54CD205}"
EndProject
Project("{FAE04EC0-301F-11D3-BF4B-00C04F79EFBC}") = "GameServer", "src\Server\game-server\GameServer.csproj", "{E2A7434E-1C3A-447B-B08E-1B20793C1635}"
EndProject
Project("{2150E333-8FDC-42A3-9474-1A3956D46DE8}") = "Network", "Network", "{C29C5D1B-EBDB-42E1-95CC-34EB3907618E}"
EndProject
Project("{FAE04EC0-301F-11D3-BF4B-00C04F79EFBC}") = "LiteNetLib", "ThirdParty\LiteNetLib\LiteNetLib\LiteNetLib.csproj", "{BFB8B47C-4CA8-4F75-AD8A-68133501730E}"
EndProject
Project("{FAE04EC0-301F-11D3-BF4B-00C04F79EFBC}") = "GodotFloorLevels", "src\Presentation\GodotFloorLevels.csproj", "{D82E11FE-8FD7-4D90-A6B8-F3CD1FBD3294}"
EndProject
Global
	GlobalSection(SolutionConfigurationPlatforms) = preSolution
	Debug|Any CPU = Debug|Any CPU
	ExportDebug|Any CPU = ExportDebug|Any CPU
	ExportRelease|Any CPU = ExportRelease|Any CPU
	EndGlobalSection
	GlobalSection(ProjectConfigurationPlatforms) = postSolution
		{C55F1FDF-60DE-48A3-9A89-C1394A0EEE6B}.Debug|Any CPU.ActiveCfg = Debug|Any CPU
		{C55F1FDF-60DE-48A3-9A89-C1394A0EEE6B}.Debug|Any CPU.Build.0 = Debug|Any CPU
		{C55F1FDF-60DE-48A3-9A89-C1394A0EEE6B}.ExportDebug|Any CPU.ActiveCfg = Debug|Any CPU
		{C55F1FDF-60DE-48A3-9A89-C1394A0EEE6B}.ExportDebug|Any CPU.Build.0 = Debug|Any CPU
		{C55F1FDF-60DE-48A3-9A89-C1394A0EEE6B}.ExportRelease|Any CPU.ActiveCfg = Debug|Any CPU
		{C55F1FDF-60DE-48A3-9A89-C1394A0EEE6B}.ExportRelease|Any CPU.Build.0 = Debug|Any CPU
		{E2A7434E-1C3A-447B-B08E-1B20793C1635}.Debug|Any CPU.ActiveCfg = Debug|Any CPU
		{E2A7434E-1C3A-447B-B08E-1B20793C1635}.Debug|Any CPU.Build.0 = Debug|Any CPU
		{E2A7434E-1C3A-447B-B08E-1B20793C1635}.ExportDebug|Any CPU.ActiveCfg = ExportDebug|Any CPU
		{E2A7434E-1C3A-447B-B08E-1B20793C1635}.ExportDebug|Any CPU.Build.0 = ExportDebug|Any CPU
		{E2A7434E-1C3A-447B-B08E-1B20793C1635}.ExportRelease|Any CPU.ActiveCfg = ExportRelease|Any CPU
		{E2A7434E-1C3A-447B-B08E-1B20793C1635}.ExportRelease|Any CPU.Build.0 = ExportRelease|Any CPU
		{BFB8B47C-4CA8-4F75-AD8A-68133501730E}.Debug|Any CPU.ActiveCfg = Debug|Any CPU
		{BFB8B47C-4CA8-4F75-AD8A-68133501730E}.Debug|Any CPU.Build.0 = Debug|Any CPU
		{BFB8B47C-4CA8-4F75-AD8A-68133501730E}.ExportDebug|Any CPU.ActiveCfg = Debug|Any CPU
		{BFB8B47C-4CA8-4F75-AD8A-68133501730E}.ExportDebug|Any CPU.Build.0 = Debug|Any CPU
		{BFB8B47C-4CA8-4F75-AD8A-68133501730E}.ExportRelease|Any CPU.ActiveCfg = Debug|Any CPU
		{BFB8B47C-4CA8-4F75-AD8A-68133501730E}.ExportRelease|Any CPU.Build.0 = Debug|Any CPU
		{D82E11FE-8FD7-4D90-A6B8-F3CD1FBD3294}.Debug|Any CPU.ActiveCfg = Debug|Any CPU
		{D82E11FE-8FD7-4D90-A6B8-F3CD1FBD3294}.Debug|Any CPU.Build.0 = Debug|Any CPU
		{D82E11FE-8FD7-4D90-A6B8-F3CD1FBD3294}.ExportDebug|Any CPU.ActiveCfg = ExportDebug|Any CPU
		{D82E11FE-8FD7-4D90-A6B8-F3CD1FBD3294}.ExportDebug|Any CPU.Build.0 = ExportDebug|Any CPU
		{D82E11FE-8FD7-4D90-A6B8-F3CD1FBD3294}.ExportRelease|Any CPU.ActiveCfg = ExportRelease|Any CPU
		{D82E11FE-8FD7-4D90-A6B8-F3CD1FBD3294}.ExportRelease|Any CPU.Build.0 = ExportRelease|Any CPU
	EndGlobalSection
	GlobalSection(NestedProjects) = preSolution
		{0297FAFB-8C2D-4931-84E4-104647D531E0} = {BB7657F2-3AE5-47F9-815B-55BDDCA540D7}
		{19F983BE-668D-47B3-A9CA-EBD7C9F5F33F} = {BB7657F2-3AE5-47F9-815B-55BDDCA540D7}
		{C55F1FDF-60DE-48A3-9A89-C1394A0EEE6B} = {19F983BE-668D-47B3-A9CA-EBD7C9F5F33F}
		{01FE41BC-FE02-410A-9F05-7FA8F54CD205} = {BB7657F2-3AE5-47F9-815B-55BDDCA540D7}
		{E2A7434E-1C3A-447B-B08E-1B20793C1635} = {01FE41BC-FE02-410A-9F05-7FA8F54CD205}
		{C29C5D1B-EBDB-42E1-95CC-34EB3907618E} = {19F983BE-668D-47B3-A9CA-EBD7C9F5F33F}
		{BFB8B47C-4CA8-4F75-AD8A-68133501730E} = {C29C5D1B-EBDB-42E1-95CC-34EB3907618E}
		{D82E11FE-8FD7-4D90-A6B8-F3CD1FBD3294} = {0297FAFB-8C2D-4931-84E4-104647D531E0}
	EndGlobalSection
EndGlobal
