Microsoft Visual Studio Solution File, Format Version 12.00
# Visual Studio 2012
Project("{FAE04EC0-301F-11D3-BF4B-00C04F79EFBC}") = "GodotFloorLevels", "src/Presentation/GodotFloorLevels.csproj", "{7DBB1B5B-34E2-4C41-81BC-80AAA8F64F72}"
EndProject
Project("{2150E333-8FDC-42A3-9474-1A3956D46DE8}") = "Presentation", "Presentation", "{0297FAFB-8C2D-4931-84E4-104647D531E0}"
EndProject
Project("{2150E333-8FDC-42A3-9474-1A3956D46DE8}") = "Infrastructure", "Infrastructure", "{6BD33A06-D09B-48A7-A7D1-12BE24F69BE2}"
EndProject
Project("{2150E333-8FDC-42A3-9474-1A3956D46DE8}") = "Domain", "Domain", "{41D0A79E-FDA2-4460-96EE-6E24DF8E7994}"
EndProject
Project("{2150E333-8FDC-42A3-9474-1A3956D46DE8}") = "Application", "Application", "{8DFBFB94-1D17-4F5C-B9CC-DC4DD90CEC2E}"
EndProject
Project("{2150E333-8FDC-42A3-9474-1A3956D46DE8}") = "Adapters", "Adapters", "{01EF813F-DB97-43BD-92D7-C2E6E7B939CD}"
EndProject
Project("{FAE04EC0-301F-11D3-BF4B-00C04F79EFBC}") = "Client.Infrastructure", "src\Infrastructure\Client.Infrastructure\Client.Infrastructure.csproj", "{385C713A-97E7-4D7A-9A98-C5AB2B520922}"
EndProject
Project("{FAE04EC0-301F-11D3-BF4B-00C04F79EFBC}") = "Client.Domain", "src\Domain\Client.Domain\Client.Domain.csproj", "{F3F381CF-7BC2-4D54-9F07-6665EADCEF3F}"
EndProject
Project("{FAE04EC0-301F-11D3-BF4B-00C04F79EFBC}") = "Client.Application", "src\Application\Client.Application\Client.Application.csproj", "{2BC9E256-3DC8-4189-BCC3-0F06B717E6FD}"
EndProject
Project("{FAE04EC0-301F-11D3-BF4B-00C04F79EFBC}") = "Client.Adapters", "src\Adapters\Client.Adapters\Client.Adapters.csproj", "{8685D4DB-DB34-48A3-9D91-9DEFAFCB792B}"
EndProject
Project("{FAE04EC0-301F-11D3-BF4B-00C04F79EFBC}") = "Client.Infrastructure.ECS", "src\Infrastructure\Client.Infrastructure.ECS\Client.Infrastructure.ECS.csproj", "{7C16F5E8-0895-4927-9550-9DA5C6E12B8B}"
EndProject
Project("{FAE04EC0-301F-11D3-BF4B-00C04F79EFBC}") = "Client.Infrastructure.DependencyInjection", "src\Infrastructure\Client.Infrastructure.DependencyInjection\Client.Infrastructure.DependencyInjection.csproj", "{3B0342B2-B8F1-42E6-858E-F4C7DBEDD835}"
EndProject
Project("{FAE04EC0-301F-11D3-BF4B-00C04F79EFBC}") = "Client.Infrastructure.Godot", "src\Infrastructure\Client.Infrastructure.Godot\Client.Infrastructure.Godot.csproj", "{9B07BD8D-D254-4262-97A5-851579D98FD8}"
EndProject
Project("{2150E333-8FDC-42A3-9474-1A3956D46DE8}") = "Solution Items", "Solution Items", "{DFEF3EC4-80D2-4896-B754-141CD784BA09}"
	ProjectSection(SolutionItems) = preProject
		Directory.Build.props = Directory.Build.props
		Directory.Packages.props = Directory.Packages.props
		global.json = global.json
		.gitignore = .gitignore
	EndProjectSection
EndProject
Project("{2150E333-8FDC-42A3-9474-1A3956D46DE8}") = "src", "src", "{BB7657F2-3AE5-47F9-815B-55BDDCA540D7}"
EndProject
Global
	GlobalSection(SolutionConfigurationPlatforms) = preSolution
	Debug|Any CPU = Debug|Any CPU
	ExportDebug|Any CPU = ExportDebug|Any CPU
	ExportRelease|Any CPU = ExportRelease|Any CPU
	EndGlobalSection
	GlobalSection(ProjectConfigurationPlatforms) = postSolution
		{7DBB1B5B-34E2-4C41-81BC-80AAA8F64F72}.Debug|Any CPU.ActiveCfg = Debug|Any CPU
		{7DBB1B5B-34E2-4C41-81BC-80AAA8F64F72}.Debug|Any CPU.Build.0 = Debug|Any CPU
		{7DBB1B5B-34E2-4C41-81BC-80AAA8F64F72}.ExportDebug|Any CPU.ActiveCfg = ExportDebug|Any CPU
		{7DBB1B5B-34E2-4C41-81BC-80AAA8F64F72}.ExportDebug|Any CPU.Build.0 = ExportDebug|Any CPU
		{7DBB1B5B-34E2-4C41-81BC-80AAA8F64F72}.ExportRelease|Any CPU.ActiveCfg = ExportRelease|Any CPU
		{7DBB1B5B-34E2-4C41-81BC-80AAA8F64F72}.ExportRelease|Any CPU.Build.0 = ExportRelease|Any CPU
		{385C713A-97E7-4D7A-9A98-C5AB2B520922}.Debug|Any CPU.ActiveCfg = Debug|Any CPU
		{385C713A-97E7-4D7A-9A98-C5AB2B520922}.Debug|Any CPU.Build.0 = Debug|Any CPU
		{385C713A-97E7-4D7A-9A98-C5AB2B520922}.ExportDebug|Any CPU.ActiveCfg = Debug|Any CPU
		{385C713A-97E7-4D7A-9A98-C5AB2B520922}.ExportDebug|Any CPU.Build.0 = Debug|Any CPU
		{385C713A-97E7-4D7A-9A98-C5AB2B520922}.ExportRelease|Any CPU.ActiveCfg = Debug|Any CPU
		{385C713A-97E7-4D7A-9A98-C5AB2B520922}.ExportRelease|Any CPU.Build.0 = Debug|Any CPU
		{F3F381CF-7BC2-4D54-9F07-6665EADCEF3F}.Debug|Any CPU.ActiveCfg = Debug|Any CPU
		{F3F381CF-7BC2-4D54-9F07-6665EADCEF3F}.Debug|Any CPU.Build.0 = Debug|Any CPU
		{F3F381CF-7BC2-4D54-9F07-6665EADCEF3F}.ExportDebug|Any CPU.ActiveCfg = Debug|Any CPU
		{F3F381CF-7BC2-4D54-9F07-6665EADCEF3F}.ExportDebug|Any CPU.Build.0 = Debug|Any CPU
		{F3F381CF-7BC2-4D54-9F07-6665EADCEF3F}.ExportRelease|Any CPU.ActiveCfg = Debug|Any CPU
		{F3F381CF-7BC2-4D54-9F07-6665EADCEF3F}.ExportRelease|Any CPU.Build.0 = Debug|Any CPU
		{2BC9E256-3DC8-4189-BCC3-0F06B717E6FD}.Debug|Any CPU.ActiveCfg = Debug|Any CPU
		{2BC9E256-3DC8-4189-BCC3-0F06B717E6FD}.Debug|Any CPU.Build.0 = Debug|Any CPU
		{2BC9E256-3DC8-4189-BCC3-0F06B717E6FD}.ExportDebug|Any CPU.ActiveCfg = Debug|Any CPU
		{2BC9E256-3DC8-4189-BCC3-0F06B717E6FD}.ExportDebug|Any CPU.Build.0 = Debug|Any CPU
		{2BC9E256-3DC8-4189-BCC3-0F06B717E6FD}.ExportRelease|Any CPU.ActiveCfg = Debug|Any CPU
		{2BC9E256-3DC8-4189-BCC3-0F06B717E6FD}.ExportRelease|Any CPU.Build.0 = Debug|Any CPU
		{8685D4DB-DB34-48A3-9D91-9DEFAFCB792B}.Debug|Any CPU.ActiveCfg = Debug|Any CPU
		{8685D4DB-DB34-48A3-9D91-9DEFAFCB792B}.Debug|Any CPU.Build.0 = Debug|Any CPU
		{8685D4DB-DB34-48A3-9D91-9DEFAFCB792B}.ExportDebug|Any CPU.ActiveCfg = Debug|Any CPU
		{8685D4DB-DB34-48A3-9D91-9DEFAFCB792B}.ExportDebug|Any CPU.Build.0 = Debug|Any CPU
		{8685D4DB-DB34-48A3-9D91-9DEFAFCB792B}.ExportRelease|Any CPU.ActiveCfg = Debug|Any CPU
		{8685D4DB-DB34-48A3-9D91-9DEFAFCB792B}.ExportRelease|Any CPU.Build.0 = Debug|Any CPU
		{7C16F5E8-0895-4927-9550-9DA5C6E12B8B}.Debug|Any CPU.ActiveCfg = Debug|Any CPU
		{7C16F5E8-0895-4927-9550-9DA5C6E12B8B}.Debug|Any CPU.Build.0 = Debug|Any CPU
		{7C16F5E8-0895-4927-9550-9DA5C6E12B8B}.ExportDebug|Any CPU.ActiveCfg = Debug|Any CPU
		{7C16F5E8-0895-4927-9550-9DA5C6E12B8B}.ExportDebug|Any CPU.Build.0 = Debug|Any CPU
		{7C16F5E8-0895-4927-9550-9DA5C6E12B8B}.ExportRelease|Any CPU.ActiveCfg = Debug|Any CPU
		{7C16F5E8-0895-4927-9550-9DA5C6E12B8B}.ExportRelease|Any CPU.Build.0 = Debug|Any CPU
		{3B0342B2-B8F1-42E6-858E-F4C7DBEDD835}.Debug|Any CPU.ActiveCfg = Debug|Any CPU
		{3B0342B2-B8F1-42E6-858E-F4C7DBEDD835}.Debug|Any CPU.Build.0 = Debug|Any CPU
		{3B0342B2-B8F1-42E6-858E-F4C7DBEDD835}.ExportDebug|Any CPU.ActiveCfg = Debug|Any CPU
		{3B0342B2-B8F1-42E6-858E-F4C7DBEDD835}.ExportDebug|Any CPU.Build.0 = Debug|Any CPU
		{3B0342B2-B8F1-42E6-858E-F4C7DBEDD835}.ExportRelease|Any CPU.ActiveCfg = Debug|Any CPU
		{3B0342B2-B8F1-42E6-858E-F4C7DBEDD835}.ExportRelease|Any CPU.Build.0 = Debug|Any CPU
		{9B07BD8D-D254-4262-97A5-851579D98FD8}.Debug|Any CPU.ActiveCfg = Debug|Any CPU
		{9B07BD8D-D254-4262-97A5-851579D98FD8}.Debug|Any CPU.Build.0 = Debug|Any CPU
		{9B07BD8D-D254-4262-97A5-851579D98FD8}.ExportDebug|Any CPU.ActiveCfg = Debug|Any CPU
		{9B07BD8D-D254-4262-97A5-851579D98FD8}.ExportDebug|Any CPU.Build.0 = Debug|Any CPU
		{9B07BD8D-D254-4262-97A5-851579D98FD8}.ExportRelease|Any CPU.ActiveCfg = Debug|Any CPU
		{9B07BD8D-D254-4262-97A5-851579D98FD8}.ExportRelease|Any CPU.Build.0 = Debug|Any CPU
	EndGlobalSection
	GlobalSection(NestedProjects) = preSolution
		{7DBB1B5B-34E2-4C41-81BC-80AAA8F64F72} = {0297FAFB-8C2D-4931-84E4-104647D531E0}
		{385C713A-97E7-4D7A-9A98-C5AB2B520922} = {6BD33A06-D09B-48A7-A7D1-12BE24F69BE2}
		{F3F381CF-7BC2-4D54-9F07-6665EADCEF3F} = {41D0A79E-FDA2-4460-96EE-6E24DF8E7994}
		{2BC9E256-3DC8-4189-BCC3-0F06B717E6FD} = {8DFBFB94-1D17-4F5C-B9CC-DC4DD90CEC2E}
		{8685D4DB-DB34-48A3-9D91-9DEFAFCB792B} = {01EF813F-DB97-43BD-92D7-C2E6E7B939CD}
		{7C16F5E8-0895-4927-9550-9DA5C6E12B8B} = {6BD33A06-D09B-48A7-A7D1-12BE24F69BE2}
		{3B0342B2-B8F1-42E6-858E-F4C7DBEDD835} = {6BD33A06-D09B-48A7-A7D1-12BE24F69BE2}
		{9B07BD8D-D254-4262-97A5-851579D98FD8} = {6BD33A06-D09B-48A7-A7D1-12BE24F69BE2}
		{0297FAFB-8C2D-4931-84E4-104647D531E0} = {BB7657F2-3AE5-47F9-815B-55BDDCA540D7}
		{6BD33A06-D09B-48A7-A7D1-12BE24F69BE2} = {BB7657F2-3AE5-47F9-815B-55BDDCA540D7}
		{41D0A79E-FDA2-4460-96EE-6E24DF8E7994} = {BB7657F2-3AE5-47F9-815B-55BDDCA540D7}
		{8DFBFB94-1D17-4F5C-B9CC-DC4DD90CEC2E} = {BB7657F2-3AE5-47F9-815B-55BDDCA540D7}
		{01EF813F-DB97-43BD-92D7-C2E6E7B939CD} = {BB7657F2-3AE5-47F9-815B-55BDDCA540D7}
	EndGlobalSection
EndGlobal
